
Microsoft Visual Studio Solution File, Format Version 12.00
# Visual Studio 15
VisualStudioVersion = 15.0.28010.2048
MinimumVisualStudioVersion = 10.0.40219.1
Project("{FAE04EC0-301F-11D3-BF4B-00C04F79EFBC}") = "N-Ary-Tree", "N ary Tree\N-Ary-Tree.csproj", "{9C6B703E-56A1-4BEE-9FE6-E7EFA5DFD4CE}"
EndProject
Project("{FAE04EC0-301F-11D3-BF4B-00C04F79EFBC}") = "N-Ary-Tree-Lib", "N ary Tree Lib\N-Ary-Tree-Lib.csproj", "{1C397924-FBC7-4F25-B569-3B9BC8FF101C}"
EndProject
Project("{FAE04EC0-301F-11D3-BF4B-00C04F79EFBC}") = "N-Ary-Tree-Test", "N ary Tree Test\N-Ary-Tree-Test.csproj", "{5563724E-7460-4869-9BB4-FB3E9A8543FF}"
EndProject
Global
	GlobalSection(SolutionConfigurationPlatforms) = preSolution
		Debug|Any CPU = Debug|Any CPU
		Release|Any CPU = Release|Any CPU
	EndGlobalSection
	GlobalSection(ProjectConfigurationPlatforms) = postSolution
		{9C6B703E-56A1-4BEE-9FE6-E7EFA5DFD4CE}.Debug|Any CPU.ActiveCfg = Debug|Any CPU
		{9C6B703E-56A1-4BEE-9FE6-E7EFA5DFD4CE}.Debug|Any CPU.Build.0 = Debug|Any CPU
		{9C6B703E-56A1-4BEE-9FE6-E7EFA5DFD4CE}.Release|Any CPU.ActiveCfg = Release|Any CPU
		{9C6B703E-56A1-4BEE-9FE6-E7EFA5DFD4CE}.Release|Any CPU.Build.0 = Release|Any CPU
		{1C397924-FBC7-4F25-B569-3B9BC8FF101C}.Debug|Any CPU.ActiveCfg = Debug|Any CPU
		{1C397924-FBC7-4F25-B569-3B9BC8FF101C}.Debug|Any CPU.Build.0 = Debug|Any CPU
		{1C397924-FBC7-4F25-B569-3B9BC8FF101C}.Release|Any CPU.ActiveCfg = Release|Any CPU
		{1C397924-FBC7-4F25-B569-3B9BC8FF101C}.Release|Any CPU.Build.0 = Release|Any CPU
		{5563724E-7460-4869-9BB4-FB3E9A8543FF}.Debug|Any CPU.ActiveCfg = Debug|Any CPU
		{5563724E-7460-4869-9BB4-FB3E9A8543FF}.Debug|Any CPU.Build.0 = Debug|Any CPU
		{5563724E-7460-4869-9BB4-FB3E9A8543FF}.Release|Any CPU.ActiveCfg = Release|Any CPU
		{5563724E-7460-4869-9BB4-FB3E9A8543FF}.Release|Any CPU.Build.0 = Release|Any CPU
	EndGlobalSection
	GlobalSection(SolutionProperties) = preSolution
		HideSolutionNode = FALSE
	EndGlobalSection
	GlobalSection(ExtensibilityGlobals) = postSolution
		SolutionGuid = {977AC3D8-9172-4177-A9A0-611AE17CB5ED}
	EndGlobalSection
EndGlobal
